Microsoft Visual Studio Solution File, Format Version 12.00
# Visual Studio Version 17
VisualStudioVersion = 17.5.2.0
MinimumVisualStudioVersion = 10.0.40219.1
Project("{FAE04EC0-301F-11D3-BF4B-00C04F79EFBC}") = "KentoGame", "KentoGame.csproj", "{A1ECFB2A-8165-A73D-B585-09ED9B9BAB8E}"
EndProject
Global
	GlobalSection(SolutionConfigurationPlatforms) = preSolution
		Debug|Any CPU = Debug|Any CPU
		Release|Any CPU = Release|Any CPU
	EndGlobalSection
	GlobalSection(ProjectConfigurationPlatforms) = postSolution
		{A1ECFB2A-8165-A73D-B585-09ED9B9BAB8E}.Debug|Any CPU.ActiveCfg = Debug|Any CPU
		{A1ECFB2A-8165-A73D-B585-09ED9B9BAB8E}.Debug|Any CPU.Build.0 = Debug|Any CPU
		{A1ECFB2A-8165-A73D-B585-09ED9B9BAB8E}.Release|Any CPU.ActiveCfg = Release|Any CPU
		{A1ECFB2A-8165-A73D-B585-09ED9B9BAB8E}.Release|Any CPU.Build.0 = Release|Any CPU
	EndGlobalSection
	GlobalSection(SolutionProperties) = preSolution
		HideSolutionNode = FALSE
	EndGlobalSection
	GlobalSection(ExtensibilityGlobals) = postSolution
		SolutionGuid = {018AB31D-6714-4998-AEDC-29241D0B8DD5}
	EndGlobalSection
EndGlobal
